
Microsoft Visual Studio Solution File, Format Version 12.00
# Visual Studio Version 17
VisualStudioVersion = 17.4.33103.184
MinimumVisualStudioVersion = 10.0.40219.1
Project("{FAE04EC0-301F-11D3-BF4B-00C04F79EFBC}") = "MarysDay", "MarysDay.csproj", "{EAAA4493-4D39-447F-84B9-8C4A1F14DDFA}"
EndProject
Global
	GlobalSection(SolutionConfigurationPlatforms) = preSolution
		Debug|Any CPU = Debug|Any CPU
		Release|Any CPU = Release|Any CPU
	EndGlobalSection
	GlobalSection(ProjectConfigurationPlatforms) = postSolution
		{EAAA4493-4D39-447F-84B9-8C4A1F14DDFA}.Debug|Any CPU.ActiveCfg = Debug|Any CPU
		{EAAA4493-4D39-447F-84B9-8C4A1F14DDFA}.Debug|Any CPU.Build.0 = Debug|Any CPU
		{EAAA4493-4D39-447F-84B9-8C4A1F14DDFA}.Release|Any CPU.ActiveCfg = Release|Any CPU
		{EAAA4493-4D39-447F-84B9-8C4A1F14DDFA}.Release|Any CPU.Build.0 = Release|Any CPU
	EndGlobalSection
	GlobalSection(SolutionProperties) = preSolution
		HideSolutionNode = FALSE
	EndGlobalSection
	GlobalSection(ExtensibilityGlobals) = postSolution
		SolutionGuid = {BC76FA55-45B3-407F-9D3E-EFDED8271DA1}
	EndGlobalSection
EndGlobal
