
Microsoft Visual Studio Solution File, Format Version 12.00
# Visual Studio Version 17
VisualStudioVersion = 17.4.33103.184
MinimumVisualStudioVersion = 10.0.40219.1
Project("{FAE04EC0-301F-11D3-BF4B-00C04F79EFBC}") = "Interfaces", "Interfaces.csproj", "{32A38BF4-3137-4D82-AE73-F61CD4AC7691}"
EndProject
Global
	GlobalSection(SolutionConfigurationPlatforms) = preSolution
		Debug|Any CPU = Debug|Any CPU
		Release|Any CPU = Release|Any CPU
	EndGlobalSection
	GlobalSection(ProjectConfigurationPlatforms) = postSolution
		{32A38BF4-3137-4D82-AE73-F61CD4AC7691}.Debug|Any CPU.ActiveCfg = Debug|Any CPU
		{32A38BF4-3137-4D82-AE73-F61CD4AC7691}.Debug|Any CPU.Build.0 = Debug|Any CPU
		{32A38BF4-3137-4D82-AE73-F61CD4AC7691}.Release|Any CPU.ActiveCfg = Release|Any CPU
		{32A38BF4-3137-4D82-AE73-F61CD4AC7691}.Release|Any CPU.Build.0 = Release|Any CPU
	EndGlobalSection
	GlobalSection(SolutionProperties) = preSolution
		HideSolutionNode = FALSE
	EndGlobalSection
	GlobalSection(ExtensibilityGlobals) = postSolution
		SolutionGuid = {5A911FDA-2BF7-414D-B98E-D9BCF18771CC}
	EndGlobalSection
EndGlobal
