
Microsoft Visual Studio Solution File, Format Version 12.00
# Visual Studio Version 17
VisualStudioVersion = 17.4.33103.184
MinimumVisualStudioVersion = 10.0.40219.1
Project("{FAE04EC0-301F-11D3-BF4B-00C04F79EFBC}") = "DistrictTask", "DistrictTask.csproj", "{15CE84FA-FED8-4214-BCFD-E3B20761E066}"
EndProject
Global
	GlobalSection(SolutionConfigurationPlatforms) = preSolution
		Debug|Any CPU = Debug|Any CPU
		Release|Any CPU = Release|Any CPU
	EndGlobalSection
	GlobalSection(ProjectConfigurationPlatforms) = postSolution
		{15CE84FA-FED8-4214-BCFD-E3B20761E066}.Debug|Any CPU.ActiveCfg = Debug|Any CPU
		{15CE84FA-FED8-4214-BCFD-E3B20761E066}.Debug|Any CPU.Build.0 = Debug|Any CPU
		{15CE84FA-FED8-4214-BCFD-E3B20761E066}.Release|Any CPU.ActiveCfg = Release|Any CPU
		{15CE84FA-FED8-4214-BCFD-E3B20761E066}.Release|Any CPU.Build.0 = Release|Any CPU
	EndGlobalSection
	GlobalSection(SolutionProperties) = preSolution
		HideSolutionNode = FALSE
	EndGlobalSection
	GlobalSection(ExtensibilityGlobals) = postSolution
		SolutionGuid = {EA86034F-AA37-4EF2-A5FF-364A29DA5C6D}
	EndGlobalSection
EndGlobal
