
Microsoft Visual Studio Solution File, Format Version 12.00
# Visual Studio Version 17
VisualStudioVersion = 17.4.33103.184
MinimumVisualStudioVersion = 10.0.40219.1
Project("{FAE04EC0-301F-11D3-BF4B-00C04F79EFBC}") = "OfficerTask", "OfficerTask.csproj", "{DD82A898-F208-4806-B724-83B17347E4AB}"
EndProject
Global
	GlobalSection(SolutionConfigurationPlatforms) = preSolution
		Debug|Any CPU = Debug|Any CPU
		Release|Any CPU = Release|Any CPU
	EndGlobalSection
	GlobalSection(ProjectConfigurationPlatforms) = postSolution
		{DD82A898-F208-4806-B724-83B17347E4AB}.Debug|Any CPU.ActiveCfg = Debug|Any CPU
		{DD82A898-F208-4806-B724-83B17347E4AB}.Debug|Any CPU.Build.0 = Debug|Any CPU
		{DD82A898-F208-4806-B724-83B17347E4AB}.Release|Any CPU.ActiveCfg = Release|Any CPU
		{DD82A898-F208-4806-B724-83B17347E4AB}.Release|Any CPU.Build.0 = Release|Any CPU
	EndGlobalSection
	GlobalSection(SolutionProperties) = preSolution
		HideSolutionNode = FALSE
	EndGlobalSection
	GlobalSection(ExtensibilityGlobals) = postSolution
		SolutionGuid = {7E642EEA-90B8-41A6-90CE-5B6B25AAC4A2}
	EndGlobalSection
EndGlobal
